
Microsoft Visual Studio Solution File, Format Version 12.00
# Visual Studio 15
VisualStudioVersion = 15.0.28307.705
MinimumVisualStudioVersion = 10.0.40219.1
Project("{FAE04EC0-301F-11D3-BF4B-00C04F79EFBC}") = "DiscordBot", "DiscordBot\DiscordBot.csproj", "{FCEA3D86-F1A7-4434-A3E3-F3A7A8A782D0}"
EndProject
Global
	GlobalSection(SolutionConfigurationPlatforms) = preSolution
		Debug|Any CPU = Debug|Any CPU
		Release|Any CPU = Release|Any CPU
	EndGlobalSection
	GlobalSection(ProjectConfigurationPlatforms) = postSolution
		{FCEA3D86-F1A7-4434-A3E3-F3A7A8A782D0}.Debug|Any CPU.ActiveCfg = Debug|Any CPU
		{FCEA3D86-F1A7-4434-A3E3-F3A7A8A782D0}.Debug|Any CPU.Build.0 = Debug|Any CPU
		{FCEA3D86-F1A7-4434-A3E3-F3A7A8A782D0}.Release|Any CPU.ActiveCfg = Release|Any CPU
		{FCEA3D86-F1A7-4434-A3E3-F3A7A8A782D0}.Release|Any CPU.Build.0 = Release|Any CPU
	EndGlobalSection
	GlobalSection(SolutionProperties) = preSolution
		HideSolutionNode = FALSE
	EndGlobalSection
	GlobalSection(ExtensibilityGlobals) = postSolution
		SolutionGuid = {F3638F17-949A-4A12-8241-E092A84981F5}
	EndGlobalSection
EndGlobal
